
Microsoft Visual Studio Solution File, Format Version 12.00
# Visual Studio Version 16
VisualStudioVersion = 16.0.31005.135
MinimumVisualStudioVersion = 10.0.40219.1
Project("{FAE04EC0-301F-11D3-BF4B-00C04F79EFBC}") = "MetodyGit2", "MetodyGit2\MetodyGit2.csproj", "{8A33CE0C-CCB2-4A68-8784-35417BC76721}"
EndProject
Global
	GlobalSection(SolutionConfigurationPlatforms) = preSolution
		Debug|Any CPU = Debug|Any CPU
		Release|Any CPU = Release|Any CPU
	EndGlobalSection
	GlobalSection(ProjectConfigurationPlatforms) = postSolution
		{8A33CE0C-CCB2-4A68-8784-35417BC76721}.Debug|Any CPU.ActiveCfg = Debug|Any CPU
		{8A33CE0C-CCB2-4A68-8784-35417BC76721}.Debug|Any CPU.Build.0 = Debug|Any CPU
		{8A33CE0C-CCB2-4A68-8784-35417BC76721}.Release|Any CPU.ActiveCfg = Release|Any CPU
		{8A33CE0C-CCB2-4A68-8784-35417BC76721}.Release|Any CPU.Build.0 = Release|Any CPU
	EndGlobalSection
	GlobalSection(SolutionProperties) = preSolution
		HideSolutionNode = FALSE
	EndGlobalSection
	GlobalSection(ExtensibilityGlobals) = postSolution
		SolutionGuid = {9766064E-27B8-4BAD-ABCB-56BCB243101B}
	EndGlobalSection
EndGlobal
